// !$*UTF8*$!
{
	archiveVersion = 1;
	classes = {
	};
	objectVersion = 56;
	objects = {

/* Begin PBXBuildFile section */
		D3138C442CB701FF0091F245 /* LoginViewViewModel.swift in Sources */ = {isa = PBXBuildFile; fileRef = D3138C432CB701FF0091F245 /* LoginViewViewModel.swift */; };
		D31A966C2CB8005900A1820C /* Extensions.swift in Sources */ = {isa = PBXBuildFile; fileRef = D31A966B2CB8005900A1820C /* Extensions.swift */; };
		D31A966E2CB806E900A1820C /* MainViewViewModel.swift in Sources */ = {isa = PBXBuildFile; fileRef = D31A966D2CB806E900A1820C /* MainViewViewModel.swift */; };
		D331AEC52CBD5281009FC823 /* TodoListViewVM.swift in Sources */ = {isa = PBXBuildFile; fileRef = D331AEC42CBD5281009FC823 /* TodoListViewVM.swift */; };
		D3591DF52CB7F50E00ADB15C /* RegisterViewViewModel.swift in Sources */ = {isa = PBXBuildFile; fileRef = D3591DF42CB7F50E00ADB15C /* RegisterViewViewModel.swift */; };
		D39CB17E2CB415330010E13B /* FirebaseAnalytics in Frameworks */ = {isa = PBXBuildFile; productRef = D39CB17D2CB415330010E13B /* FirebaseAnalytics */; };
		D39CB1802CB415330010E13B /* FirebaseAnalyticsOnDeviceConversion in Frameworks */ = {isa = PBXBuildFile; productRef = D39CB17F2CB415330010E13B /* FirebaseAnalyticsOnDeviceConversion */; };
		D39CB1822CB415330010E13B /* FirebaseAnalyticsWithoutAdIdSupport in Frameworks */ = {isa = PBXBuildFile; productRef = D39CB1812CB415330010E13B /* FirebaseAnalyticsWithoutAdIdSupport */; };
		D39CB1842CB415330010E13B /* FirebaseAppCheck in Frameworks */ = {isa = PBXBuildFile; productRef = D39CB1832CB415330010E13B /* FirebaseAppCheck */; };
		D39CB1862CB415330010E13B /* FirebaseAppDistribution-Beta in Frameworks */ = {isa = PBXBuildFile; productRef = D39CB1852CB415330010E13B /* FirebaseAppDistribution-Beta */; };
		D39CB1882CB415330010E13B /* FirebaseAuth in Frameworks */ = {isa = PBXBuildFile; productRef = D39CB1872CB415330010E13B /* FirebaseAuth */; };
		D39CB18A2CB415330010E13B /* FirebaseAuthCombine-Community in Frameworks */ = {isa = PBXBuildFile; productRef = D39CB1892CB415330010E13B /* FirebaseAuthCombine-Community */; };
		D39CB18C2CB415330010E13B /* FirebaseCore in Frameworks */ = {isa = PBXBuildFile; productRef = D39CB18B2CB415330010E13B /* FirebaseCore */; };
		D39CB18E2CB415330010E13B /* FirebaseCrashlytics in Frameworks */ = {isa = PBXBuildFile; productRef = D39CB18D2CB415330010E13B /* FirebaseCrashlytics */; };
		D39CB1902CB415330010E13B /* FirebaseDatabase in Frameworks */ = {isa = PBXBuildFile; productRef = D39CB18F2CB415330010E13B /* FirebaseDatabase */; };
		D39CB1922CB415330010E13B /* FirebaseDynamicLinks in Frameworks */ = {isa = PBXBuildFile; productRef = D39CB1912CB415330010E13B /* FirebaseDynamicLinks */; };
		D39CB1942CB415330010E13B /* FirebaseFirestore in Frameworks */ = {isa = PBXBuildFile; productRef = D39CB1932CB415330010E13B /* FirebaseFirestore */; };
		D39CB1962CB415330010E13B /* FirebaseFirestoreCombine-Community in Frameworks */ = {isa = PBXBuildFile; productRef = D39CB1952CB415330010E13B /* FirebaseFirestoreCombine-Community */; };
		D39CB1982CB415330010E13B /* FirebaseFunctions in Frameworks */ = {isa = PBXBuildFile; productRef = D39CB1972CB415330010E13B /* FirebaseFunctions */; };
		D39CB19A2CB415330010E13B /* FirebaseFunctionsCombine-Community in Frameworks */ = {isa = PBXBuildFile; productRef = D39CB1992CB415330010E13B /* FirebaseFunctionsCombine-Community */; };
		D39CB19C2CB415330010E13B /* FirebaseInAppMessaging-Beta in Frameworks */ = {isa = PBXBuildFile; productRef = D39CB19B2CB415330010E13B /* FirebaseInAppMessaging-Beta */; };
		D39CB19E2CB415330010E13B /* FirebaseInstallations in Frameworks */ = {isa = PBXBuildFile; productRef = D39CB19D2CB415330010E13B /* FirebaseInstallations */; };
		D39CB1A02CB415330010E13B /* FirebaseMLModelDownloader in Frameworks */ = {isa = PBXBuildFile; productRef = D39CB19F2CB415330010E13B /* FirebaseMLModelDownloader */; };
		D39CB1A22CB415330010E13B /* FirebaseMessaging in Frameworks */ = {isa = PBXBuildFile; productRef = D39CB1A12CB415330010E13B /* FirebaseMessaging */; };
		D39CB1A42CB415330010E13B /* FirebasePerformance in Frameworks */ = {isa = PBXBuildFile; productRef = D39CB1A32CB415330010E13B /* FirebasePerformance */; };
		D39CB1A62CB415330010E13B /* FirebaseRemoteConfig in Frameworks */ = {isa = PBXBuildFile; productRef = D39CB1A52CB415330010E13B /* FirebaseRemoteConfig */; };
		D39CB1A82CB415330010E13B /* FirebaseStorage in Frameworks */ = {isa = PBXBuildFile; productRef = D39CB1A72CB415330010E13B /* FirebaseStorage */; };
		D39CB1AA2CB415330010E13B /* FirebaseStorageCombine-Community in Frameworks */ = {isa = PBXBuildFile; productRef = D39CB1A92CB415330010E13B /* FirebaseStorageCombine-Community */; };
		D39CB1AC2CB415330010E13B /* FirebaseVertexAI-Preview in Frameworks */ = {isa = PBXBuildFile; productRef = D39CB1AB2CB415330010E13B /* FirebaseVertexAI-Preview */; };
		D3B053CD2CB3F6E800681F18 /* todoappApp.swift in Sources */ = {isa = PBXBuildFile; fileRef = D3B053CC2CB3F6E800681F18 /* todoappApp.swift */; };
		D3B053D12CB3F6EA00681F18 /* Assets.xcassets in Resources */ = {isa = PBXBuildFile; fileRef = D3B053D02CB3F6EA00681F18 /* Assets.xcassets */; };
		D3B053D42CB3F6EA00681F18 /* Preview Assets.xcassets in Resources */ = {isa = PBXBuildFile; fileRef = D3B053D32CB3F6EA00681F18 /* Preview Assets.xcassets */; };
		D3B053DE2CB3F6EA00681F18 /* todoappTests.swift in Sources */ = {isa = PBXBuildFile; fileRef = D3B053DD2CB3F6EA00681F18 /* todoappTests.swift */; };
		D3B053E82CB3F6EA00681F18 /* todoappUITests.swift in Sources */ = {isa = PBXBuildFile; fileRef = D3B053E72CB3F6EA00681F18 /* todoappUITests.swift */; };
		D3B053EA2CB3F6EA00681F18 /* todoappUITestsLaunchTests.swift in Sources */ = {isa = PBXBuildFile; fileRef = D3B053E92CB3F6EA00681F18 /* todoappUITestsLaunchTests.swift */; };
		D3B053FA2CB4060F00681F18 /* GoogleService-Info.plist in Resources */ = {isa = PBXBuildFile; fileRef = D3B053F92CB4060F00681F18 /* GoogleService-Info.plist */; };
		D3B054002CB40AF200681F18 /* MainView.swift in Sources */ = {isa = PBXBuildFile; fileRef = D3B053FF2CB40AF200681F18 /* MainView.swift */; };
		D3B054022CB40BF200681F18 /* RegisterView.swift in Sources */ = {isa = PBXBuildFile; fileRef = D3B054012CB40BF200681F18 /* RegisterView.swift */; };
		D3B054042CB40C0300681F18 /* LoginView.swift in Sources */ = {isa = PBXBuildFile; fileRef = D3B054032CB40C0300681F18 /* LoginView.swift */; };
		D3B054062CB40C1200681F18 /* ProfileView.swift in Sources */ = {isa = PBXBuildFile; fileRef = D3B054052CB40C1200681F18 /* ProfileView.swift */; };
		D3B054082CB40C2600681F18 /* ToDoListView.swift in Sources */ = {isa = PBXBuildFile; fileRef = D3B054072CB40C2600681F18 /* ToDoListView.swift */; };
		D3B0540C2CB40C6300681F18 /* ToDoListItemView.swift in Sources */ = {isa = PBXBuildFile; fileRef = D3B0540B2CB40C6300681F18 /* ToDoListItemView.swift */; };
		D3B0540E2CB40C7300681F18 /* NewItemView.swift in Sources */ = {isa = PBXBuildFile; fileRef = D3B0540D2CB40C7200681F18 /* NewItemView.swift */; };
		D3B054102CB40CAB00681F18 /* User.swift in Sources */ = {isa = PBXBuildFile; fileRef = D3B0540F2CB40CAB00681F18 /* User.swift */; };
		D3B054122CB40CBC00681F18 /* ToDoListItem.swift in Sources */ = {isa = PBXBuildFile; fileRef = D3B054112CB40CBB00681F18 /* ToDoListItem.swift */; };
		D3B93D752CB8796700EB0E1D /* ToDoListViewViewModel.swift in Sources */ = {isa = PBXBuildFile; fileRef = D3B93D742CB8796700EB0E1D /* ToDoListViewViewModel.swift */; };
		D3B93D772CB8799C00EB0E1D /* ProfileViewVIewModel.swift in Sources */ = {isa = PBXBuildFile; fileRef = D3B93D762CB8799C00EB0E1D /* ProfileViewVIewModel.swift */; };
		D3B93D792CB87D9700EB0E1D /* NewItemViewModel.swift in Sources */ = {isa = PBXBuildFile; fileRef = D3B93D782CB87D9700EB0E1D /* NewItemViewModel.swift */; };
/* End PBXBuildFile section */

/* Begin PBXContainerItemProxy section */
		D3B053DA2CB3F6EA00681F18 /* PBXContainerItemProxy */ = {
			isa = PBXContainerItemProxy;
			containerPortal = D3B053C12CB3F6E800681F18 /* Project object */;
			proxyType = 1;
			remoteGlobalIDString = D3B053C82CB3F6E800681F18;
			remoteInfo = todoapp;
		};
		D3B053E42CB3F6EA00681F18 /* PBXContainerItemProxy */ = {
			isa = PBXContainerItemProxy;
			containerPortal = D3B053C12CB3F6E800681F18 /* Project object */;
			proxyType = 1;
			remoteGlobalIDString = D3B053C82CB3F6E800681F18;
			remoteInfo = todoapp;
		};
/* End PBXContainerItemProxy section */

/* Begin PBXFileReference section */
		D3138C432CB701FF0091F245 /* LoginViewViewModel.swift */ = {isa = PBXFileReference; lastKnownFileType = sourcecode.swift; path = LoginViewViewModel.swift; sourceTree = "<group>"; };
		D31A966B2CB8005900A1820C /* Extensions.swift */ = {isa = PBXFileReference; lastKnownFileType = sourcecode.swift; path = Extensions.swift; sourceTree = "<group>"; };
		D31A966D2CB806E900A1820C /* MainViewViewModel.swift */ = {isa = PBXFileReference; lastKnownFileType = sourcecode.swift; path = MainViewViewModel.swift; sourceTree = "<group>"; };
		D331AEC42CBD5281009FC823 /* TodoListViewVM.swift */ = {isa = PBXFileReference; lastKnownFileType = sourcecode.swift; path = TodoListViewVM.swift; sourceTree = "<group>"; };
		D3591DF42CB7F50E00ADB15C /* RegisterViewViewModel.swift */ = {isa = PBXFileReference; lastKnownFileType = sourcecode.swift; path = RegisterViewViewModel.swift; sourceTree = "<group>"; };
		D3B053C92CB3F6E800681F18 /* todoapp.app */ = {isa = PBXFileReference; explicitFileType = wrapper.application; includeInIndex = 0; path = todoapp.app; sourceTree = BUILT_PRODUCTS_DIR; };
		D3B053CC2CB3F6E800681F18 /* todoappApp.swift */ = {isa = PBXFileReference; lastKnownFileType = sourcecode.swift; path = todoappApp.swift; sourceTree = "<group>"; };
		D3B053D02CB3F6EA00681F18 /* Assets.xcassets */ = {isa = PBXFileReference; lastKnownFileType = folder.assetcatalog; path = Assets.xcassets; sourceTree = "<group>"; };
		D3B053D32CB3F6EA00681F18 /* Preview Assets.xcassets */ = {isa = PBXFileReference; lastKnownFileType = folder.assetcatalog; path = "Preview Assets.xcassets"; sourceTree = "<group>"; };
		D3B053D92CB3F6EA00681F18 /* todoappTests.xctest */ = {isa = PBXFileReference; explicitFileType = wrapper.cfbundle; includeInIndex = 0; path = todoappTests.xctest; sourceTree = BUILT_PRODUCTS_DIR; };
		D3B053DD2CB3F6EA00681F18 /* todoappTests.swift */ = {isa = PBXFileReference; lastKnownFileType = sourcecode.swift; path = todoappTests.swift; sourceTree = "<group>"; };
		D3B053E32CB3F6EA00681F18 /* todoappUITests.xctest */ = {isa = PBXFileReference; explicitFileType = wrapper.cfbundle; includeInIndex = 0; path = todoappUITests.xctest; sourceTree = BUILT_PRODUCTS_DIR; };
		D3B053E72CB3F6EA00681F18 /* todoappUITests.swift */ = {isa = PBXFileReference; lastKnownFileType = sourcecode.swift; path = todoappUITests.swift; sourceTree = "<group>"; };
		D3B053E92CB3F6EA00681F18 /* todoappUITestsLaunchTests.swift */ = {isa = PBXFileReference; lastKnownFileType = sourcecode.swift; path = todoappUITestsLaunchTests.swift; sourceTree = "<group>"; };
		D3B053F92CB4060F00681F18 /* GoogleService-Info.plist */ = {isa = PBXFileReference; fileEncoding = 4; lastKnownFileType = text.plist.xml; path = "GoogleService-Info.plist"; sourceTree = "<group>"; };
		D3B053FF2CB40AF200681F18 /* MainView.swift */ = {isa = PBXFileReference; lastKnownFileType = sourcecode.swift; path = MainView.swift; sourceTree = "<group>"; };
		D3B054012CB40BF200681F18 /* RegisterView.swift */ = {isa = PBXFileReference; lastKnownFileType = sourcecode.swift; path = RegisterView.swift; sourceTree = "<group>"; };
		D3B054032CB40C0300681F18 /* LoginView.swift */ = {isa = PBXFileReference; lastKnownFileType = sourcecode.swift; path = LoginView.swift; sourceTree = "<group>"; };
		D3B054052CB40C1200681F18 /* ProfileView.swift */ = {isa = PBXFileReference; lastKnownFileType = sourcecode.swift; path = ProfileView.swift; sourceTree = "<group>"; };
		D3B054072CB40C2600681F18 /* ToDoListView.swift */ = {isa = PBXFileReference; lastKnownFileType = sourcecode.swift; path = ToDoListView.swift; sourceTree = "<group>"; };
		D3B0540B2CB40C6300681F18 /* ToDoListItemView.swift */ = {isa = PBXFileReference; lastKnownFileType = sourcecode.swift; path = ToDoListItemView.swift; sourceTree = "<group>"; };
		D3B0540D2CB40C7200681F18 /* NewItemView.swift */ = {isa = PBXFileReference; lastKnownFileType = sourcecode.swift; path = NewItemView.swift; sourceTree = "<group>"; };
		D3B0540F2CB40CAB00681F18 /* User.swift */ = {isa = PBXFileReference; lastKnownFileType = sourcecode.swift; path = User.swift; sourceTree = "<group>"; };
		D3B054112CB40CBB00681F18 /* ToDoListItem.swift */ = {isa = PBXFileReference; lastKnownFileType = sourcecode.swift; path = ToDoListItem.swift; sourceTree = "<group>"; };
		D3B93D742CB8796700EB0E1D /* ToDoListViewViewModel.swift */ = {isa = PBXFileReference; lastKnownFileType = sourcecode.swift; path = ToDoListViewViewModel.swift; sourceTree = "<group>"; };
		D3B93D762CB8799C00EB0E1D /* ProfileViewVIewModel.swift */ = {isa = PBXFileReference; lastKnownFileType = sourcecode.swift; path = ProfileViewVIewModel.swift; sourceTree = "<group>"; };
		D3B93D782CB87D9700EB0E1D /* NewItemViewModel.swift */ = {isa = PBXFileReference; lastKnownFileType = sourcecode.swift; path = NewItemViewModel.swift; sourceTree = "<group>"; };
/* End PBXFileReference section */

/* Begin PBXFrameworksBuildPhase section */
		D3B053C62CB3F6E800681F18 /* Frameworks */ = {
			isa = PBXFrameworksBuildPhase;
			buildActionMask = 2147483647;
			files = (
				D39CB1AC2CB415330010E13B /* FirebaseVertexAI-Preview in Frameworks */,
				D39CB1962CB415330010E13B /* FirebaseFirestoreCombine-Community in Frameworks */,
				D39CB1982CB415330010E13B /* FirebaseFunctions in Frameworks */,
				D39CB1A42CB415330010E13B /* FirebasePerformance in Frameworks */,
				D39CB1AA2CB415330010E13B /* FirebaseStorageCombine-Community in Frameworks */,
				D39CB1A62CB415330010E13B /* FirebaseRemoteConfig in Frameworks */,
				D39CB1902CB415330010E13B /* FirebaseDatabase in Frameworks */,
				D39CB1922CB415330010E13B /* FirebaseDynamicLinks in Frameworks */,
				D39CB1842CB415330010E13B /* FirebaseAppCheck in Frameworks */,
				D39CB1882CB415330010E13B /* FirebaseAuth in Frameworks */,
				D39CB17E2CB415330010E13B /* FirebaseAnalytics in Frameworks */,
				D39CB1942CB415330010E13B /* FirebaseFirestore in Frameworks */,
				D39CB1A22CB415330010E13B /* FirebaseMessaging in Frameworks */,
				D39CB19E2CB415330010E13B /* FirebaseInstallations in Frameworks */,
				D39CB19A2CB415330010E13B /* FirebaseFunctionsCombine-Community in Frameworks */,
				D39CB1862CB415330010E13B /* FirebaseAppDistribution-Beta in Frameworks */,
				D39CB1822CB415330010E13B /* FirebaseAnalyticsWithoutAdIdSupport in Frameworks */,
				D39CB19C2CB415330010E13B /* FirebaseInAppMessaging-Beta in Frameworks */,
				D39CB18A2CB415330010E13B /* FirebaseAuthCombine-Community in Frameworks */,
				D39CB18E2CB415330010E13B /* FirebaseCrashlytics in Frameworks */,
				D39CB1A02CB415330010E13B /* FirebaseMLModelDownloader in Frameworks */,
				D39CB1A82CB415330010E13B /* FirebaseStorage in Frameworks */,
				D39CB18C2CB415330010E13B /* FirebaseCore in Frameworks */,
				D39CB1802CB415330010E13B /* FirebaseAnalyticsOnDeviceConversion in Frameworks */,
			);
			runOnlyForDeploymentPostprocessing = 0;
		};
		D3B053D62CB3F6EA00681F18 /* Frameworks */ = {
			isa = PBXFrameworksBuildPhase;
			buildActionMask = 2147483647;
			files = (
			);
			runOnlyForDeploymentPostprocessing = 0;
		};
		D3B053E02CB3F6EA00681F18 /* Frameworks */ = {
			isa = PBXFrameworksBuildPhase;
			buildActionMask = 2147483647;
			files = (
			);
			runOnlyForDeploymentPostprocessing = 0;
		};
/* End PBXFrameworksBuildPhase section */

/* Begin PBXGroup section */
		D3B053C02CB3F6E800681F18 = {
			isa = PBXGroup;
			children = (
				D3B053CB2CB3F6E800681F18 /* todoapp */,
				D3B053DC2CB3F6EA00681F18 /* todoappTests */,
				D3B053E62CB3F6EA00681F18 /* todoappUITests */,
				D3B053CA2CB3F6E800681F18 /* Products */,
			);
			sourceTree = "<group>";
		};
		D3B053CA2CB3F6E800681F18 /* Products */ = {
			isa = PBXGroup;
			children = (
				D3B053C92CB3F6E800681F18 /* todoapp.app */,
				D3B053D92CB3F6EA00681F18 /* todoappTests.xctest */,
				D3B053E32CB3F6EA00681F18 /* todoappUITests.xctest */,
			);
			name = Products;
			sourceTree = "<group>";
		};
		D3B053CB2CB3F6E800681F18 /* todoapp */ = {
			isa = PBXGroup;
			children = (
				D3B053FE2CB4093300681F18 /* Other */,
				D3B053FD2CB4091E00681F18 /* ViewModels */,
				D3B053FC2CB4091500681F18 /* Views */,
				D3B053FB2CB4090D00681F18 /* Models */,
				D3B053D22CB3F6EA00681F18 /* Preview Content */,
			);
			path = todoapp;
			sourceTree = "<group>";
		};
		D3B053D22CB3F6EA00681F18 /* Preview Content */ = {
			isa = PBXGroup;
			children = (
				D3B053D32CB3F6EA00681F18 /* Preview Assets.xcassets */,
			);
			path = "Preview Content";
			sourceTree = "<group>";
		};
		D3B053DC2CB3F6EA00681F18 /* todoappTests */ = {
			isa = PBXGroup;
			children = (
				D3B053DD2CB3F6EA00681F18 /* todoappTests.swift */,
			);
			path = todoappTests;
			sourceTree = "<group>";
		};
		D3B053E62CB3F6EA00681F18 /* todoappUITests */ = {
			isa = PBXGroup;
			children = (
				D3B053E72CB3F6EA00681F18 /* todoappUITests.swift */,
				D3B053E92CB3F6EA00681F18 /* todoappUITestsLaunchTests.swift */,
			);
			path = todoappUITests;
			sourceTree = "<group>";
		};
		D3B053FB2CB4090D00681F18 /* Models */ = {
			isa = PBXGroup;
			children = (
				D3B0540F2CB40CAB00681F18 /* User.swift */,
				D3B054112CB40CBB00681F18 /* ToDoListItem.swift */,
			);
			path = Models;
			sourceTree = "<group>";
		};
		D3B053FC2CB4091500681F18 /* Views */ = {
			isa = PBXGroup;
			children = (
				D3B053FF2CB40AF200681F18 /* MainView.swift */,
				D3B054012CB40BF200681F18 /* RegisterView.swift */,
				D3B054032CB40C0300681F18 /* LoginView.swift */,
				D3B054052CB40C1200681F18 /* ProfileView.swift */,
				D3B054072CB40C2600681F18 /* ToDoListView.swift */,
				D3B0540B2CB40C6300681F18 /* ToDoListItemView.swift */,
				D3B0540D2CB40C7200681F18 /* NewItemView.swift */,
			);
			path = Views;
			sourceTree = "<group>";
		};
		D3B053FD2CB4091E00681F18 /* ViewModels */ = {
			isa = PBXGroup;
			children = (
				D3138C432CB701FF0091F245 /* LoginViewViewModel.swift */,
				D3591DF42CB7F50E00ADB15C /* RegisterViewViewModel.swift */,
				D31A966D2CB806E900A1820C /* MainViewViewModel.swift */,
				D3B93D742CB8796700EB0E1D /* ToDoListViewViewModel.swift */,
				D3B93D762CB8799C00EB0E1D /* ProfileViewVIewModel.swift */,
				D3B93D782CB87D9700EB0E1D /* NewItemViewModel.swift */,
				D331AEC42CBD5281009FC823 /* TodoListViewVM.swift */,
			);
			path = ViewModels;
			sourceTree = "<group>";
		};
		D3B053FE2CB4093300681F18 /* Other */ = {
			isa = PBXGroup;
			children = (
				D3B053CC2CB3F6E800681F18 /* todoappApp.swift */,
				D3B053D02CB3F6EA00681F18 /* Assets.xcassets */,
				D3B053F92CB4060F00681F18 /* GoogleService-Info.plist */,
				D31A966B2CB8005900A1820C /* Extensions.swift */,
			);
			path = Other;
			sourceTree = "<group>";
		};
/* End PBXGroup section */

/* Begin PBXNativeTarget section */
		D3B053C82CB3F6E800681F18 /* todoapp */ = {
			isa = PBXNativeTarget;
			buildConfigurationList = D3B053ED2CB3F6EA00681F18 /* Build configuration list for PBXNativeTarget "todoapp" */;
			buildPhases = (
				D3B053C52CB3F6E800681F18 /* Sources */,
				D3B053C62CB3F6E800681F18 /* Frameworks */,
				D3B053C72CB3F6E800681F18 /* Resources */,
			);
			buildRules = (
			);
			dependencies = (
			);
			name = todoapp;
			packageProductDependencies = (
				D39CB17D2CB415330010E13B /* FirebaseAnalytics */,
				D39CB17F2CB415330010E13B /* FirebaseAnalyticsOnDeviceConversion */,
				D39CB1812CB415330010E13B /* FirebaseAnalyticsWithoutAdIdSupport */,
				D39CB1832CB415330010E13B /* FirebaseAppCheck */,
				D39CB1852CB415330010E13B /* FirebaseAppDistribution-Beta */,
				D39CB1872CB415330010E13B /* FirebaseAuth */,
				D39CB1892CB415330010E13B /* FirebaseAuthCombine-Community */,
				D39CB18B2CB415330010E13B /* FirebaseCore */,
				D39CB18D2CB415330010E13B /* FirebaseCrashlytics */,
				D39CB18F2CB415330010E13B /* FirebaseDatabase */,
				D39CB1912CB415330010E13B /* FirebaseDynamicLinks */,
				D39CB1932CB415330010E13B /* FirebaseFirestore */,
				D39CB1952CB415330010E13B /* FirebaseFirestoreCombine-Community */,
				D39CB1972CB415330010E13B /* FirebaseFunctions */,
				D39CB1992CB415330010E13B /* FirebaseFunctionsCombine-Community */,
				D39CB19B2CB415330010E13B /* FirebaseInAppMessaging-Beta */,
				D39CB19D2CB415330010E13B /* FirebaseInstallations */,
				D39CB19F2CB415330010E13B /* FirebaseMLModelDownloader */,
				D39CB1A12CB415330010E13B /* FirebaseMessaging */,
				D39CB1A32CB415330010E13B /* FirebasePerformance */,
				D39CB1A52CB415330010E13B /* FirebaseRemoteConfig */,
				D39CB1A72CB415330010E13B /* FirebaseStorage */,
				D39CB1A92CB415330010E13B /* FirebaseStorageCombine-Community */,
				D39CB1AB2CB415330010E13B /* FirebaseVertexAI-Preview */,
			);
			productName = todoapp;
			productReference = D3B053C92CB3F6E800681F18 /* todoapp.app */;
			productType = "com.apple.product-type.application";
		};
		D3B053D82CB3F6EA00681F18 /* todoappTests */ = {
			isa = PBXNativeTarget;
			buildConfigurationList = D3B053F02CB3F6EA00681F18 /* Build configuration list for PBXNativeTarget "todoappTests" */;
			buildPhases = (
				D3B053D52CB3F6EA00681F18 /* Sources */,
				D3B053D62CB3F6EA00681F18 /* Frameworks */,
				D3B053D72CB3F6EA00681F18 /* Resources */,
			);
			buildRules = (
			);
			dependencies = (
				D3B053DB2CB3F6EA00681F18 /* PBXTargetDependency */,
			);
			name = todoappTests;
			productName = todoappTests;
			productReference = D3B053D92CB3F6EA00681F18 /* todoappTests.xctest */;
			productType = "com.apple.product-type.bundle.unit-test";
		};
		D3B053E22CB3F6EA00681F18 /* todoappUITests */ = {
			isa = PBXNativeTarget;
			buildConfigurationList = D3B053F32CB3F6EA00681F18 /* Build configuration list for PBXNativeTarget "todoappUITests" */;
			buildPhases = (
				D3B053DF2CB3F6EA00681F18 /* Sources */,
				D3B053E02CB3F6EA00681F18 /* Frameworks */,
				D3B053E12CB3F6EA00681F18 /* Resources */,
			);
			buildRules = (
			);
			dependencies = (
				D3B053E52CB3F6EA00681F18 /* PBXTargetDependency */,
			);
			name = todoappUITests;
			productName = todoappUITests;
			productReference = D3B053E32CB3F6EA00681F18 /* todoappUITests.xctest */;
			productType = "com.apple.product-type.bundle.ui-testing";
		};
/* End PBXNativeTarget section */

/* Begin PBXProject section */
		D3B053C12CB3F6E800681F18 /* Project object */ = {
			isa = PBXProject;
			attributes = {
				BuildIndependentTargetsInParallel = 1;
				LastSwiftUpdateCheck = 1540;
				LastUpgradeCheck = 1540;
				TargetAttributes = {
					D3B053C82CB3F6E800681F18 = {
						CreatedOnToolsVersion = 15.4;
					};
					D3B053D82CB3F6EA00681F18 = {
						CreatedOnToolsVersion = 15.4;
						TestTargetID = D3B053C82CB3F6E800681F18;
					};
					D3B053E22CB3F6EA00681F18 = {
						CreatedOnToolsVersion = 15.4;
						TestTargetID = D3B053C82CB3F6E800681F18;
					};
				};
			};
			buildConfigurationList = D3B053C42CB3F6E800681F18 /* Build configuration list for PBXProject "todoapp" */;
			compatibilityVersion = "Xcode 14.0";
			developmentRegion = en;
			hasScannedForEncodings = 0;
			knownRegions = (
				en,
				Base,
			);
			mainGroup = D3B053C02CB3F6E800681F18;
			packageReferences = (
				D3B053F62CB400F300681F18 /* XCRemoteSwiftPackageReference "firebase-ios-sdk" */,
			);
			productRefGroup = D3B053CA2CB3F6E800681F18 /* Products */;
			projectDirPath = "";
			projectRoot = "";
			targets = (
				D3B053C82CB3F6E800681F18 /* todoapp */,
				D3B053D82CB3F6EA00681F18 /* todoappTests */,
				D3B053E22CB3F6EA00681F18 /* todoappUITests */,
			);
		};
/* End PBXProject section */

/* Begin PBXResourcesBuildPhase section */
		D3B053C72CB3F6E800681F18 /* Resources */ = {
			isa = PBXResourcesBuildPhase;
			buildActionMask = 2147483647;
			files = (
				D3B053D42CB3F6EA00681F18 /* Preview Assets.xcassets in Resources */,
				D3B053D12CB3F6EA00681F18 /* Assets.xcassets in Resources */,
				D3B053FA2CB4060F00681F18 /* GoogleService-Info.plist in Resources */,
			);
			runOnlyForDeploymentPostprocessing = 0;
		};
		D3B053D72CB3F6EA00681F18 /* Resources */ = {
			isa = PBXResourcesBuildPhase;
			buildActionMask = 2147483647;
			files = (
			);
			runOnlyForDeploymentPostprocessing = 0;
		};
		D3B053E12CB3F6EA00681F18 /* Resources */ = {
			isa = PBXResourcesBuildPhase;
			buildActionMask = 2147483647;
			files = (
			);
			runOnlyForDeploymentPostprocessing = 0;
		};
/* End PBXResourcesBuildPhase section */

/* Begin PBXSourcesBuildPhase section */
		D3B053C52CB3F6E800681F18 /* Sources */ = {
			isa = PBXSourcesBuildPhase;
			buildActionMask = 2147483647;
			files = (
				D3138C442CB701FF0091F245 /* LoginViewViewModel.swift in Sources */,
				D3B0540E2CB40C7300681F18 /* NewItemView.swift in Sources */,
				D31A966E2CB806E900A1820C /* MainViewViewModel.swift in Sources */,
				D3591DF52CB7F50E00ADB15C /* RegisterViewViewModel.swift in Sources */,
				D3B93D752CB8796700EB0E1D /* ToDoListViewViewModel.swift in Sources */,
				D3B054082CB40C2600681F18 /* ToDoListView.swift in Sources */,
				D3B0540C2CB40C6300681F18 /* ToDoListItemView.swift in Sources */,
				D3B054022CB40BF200681F18 /* RegisterView.swift in Sources */,
				D3B053CD2CB3F6E800681F18 /* todoappApp.swift in Sources */,
				D331AEC52CBD5281009FC823 /* TodoListViewVM.swift in Sources */,
				D3B054102CB40CAB00681F18 /* User.swift in Sources */,
				D31A966C2CB8005900A1820C /* Extensions.swift in Sources */,
				D3B054062CB40C1200681F18 /* ProfileView.swift in Sources */,
				D3B93D792CB87D9700EB0E1D /* NewItemViewModel.swift in Sources */,
				D3B054042CB40C0300681F18 /* LoginView.swift in Sources */,
				D3B93D772CB8799C00EB0E1D /* ProfileViewVIewModel.swift in Sources */,
				D3B054122CB40CBC00681F18 /* ToDoListItem.swift in Sources */,
				D3B054002CB40AF200681F18 /* MainView.swift in Sources */,
			);
			runOnlyForDeploymentPostprocessing = 0;
		};
		D3B053D52CB3F6EA00681F18 /* Sources */ = {
			isa = PBXSourcesBuildPhase;
			buildActionMask = 2147483647;
			files = (
				D3B053DE2CB3F6EA00681F18 /* todoappTests.swift in Sources */,
			);
			runOnlyForDeploymentPostprocessing = 0;
		};
		D3B053DF2CB3F6EA00681F18 /* Sources */ = {
			isa = PBXSourcesBuildPhase;
			buildActionMask = 2147483647;
			files = (
				D3B053EA2CB3F6EA00681F18 /* todoappUITestsLaunchTests.swift in Sources */,
				D3B053E82CB3F6EA00681F18 /* todoappUITests.swift in Sources */,
			);
			runOnlyForDeploymentPostprocessing = 0;
		};
/* End PBXSourcesBuildPhase section */

/* Begin PBXTargetDependency section */
		D3B053DB2CB3F6EA00681F18 /* PBXTargetDependency */ = {
			isa = PBXTargetDependency;
			target = D3B053C82CB3F6E800681F18 /* todoapp */;
			targetProxy = D3B053DA2CB3F6EA00681F18 /* PBXContainerItemProxy */;
		};
		D3B053E52CB3F6EA00681F18 /* PBXTargetDependency */ = {
			isa = PBXTargetDependency;
			target = D3B053C82CB3F6E800681F18 /* todoapp */;
			targetProxy = D3B053E42CB3F6EA00681F18 /* PBXContainerItemProxy */;
		};
/* End PBXTargetDependency section */

/* Begin XCBuildConfiguration section */
		D3B053EB2CB3F6EA00681F18 /* Debug */ = {
			isa = XCBuildConfiguration;
			buildSettings = {
				ALWAYS_SEARCH_USER_PATHS = NO;
				ASSETCATALOG_COMPILER_GENERATE_SWIFT_ASSET_SYMBOL_EXTENSIONS = YES;
				CLANG_ANALYZER_NONNULL = YES;
				CLANG_ANALYZER_NUMBER_OBJECT_CONVERSION = YES_AGGRESSIVE;
				CLANG_CXX_LANGUAGE_STANDARD = "gnu++20";
				CLANG_ENABLE_MODULES = YES;
				CLANG_ENABLE_OBJC_ARC = YES;
				CLANG_ENABLE_OBJC_WEAK = YES;
				CLANG_WARN_BLOCK_CAPTURE_AUTORELEASING = YES;
				CLANG_WARN_BOOL_CONVERSION = YES;
				CLANG_WARN_COMMA = YES;
				CLANG_WARN_CONSTANT_CONVERSION = YES;
				CLANG_WARN_DEPRECATED_OBJC_IMPLEMENTATIONS = YES;
				CLANG_WARN_DIRECT_OBJC_ISA_USAGE = YES_ERROR;
				CLANG_WARN_DOCUMENTATION_COMMENTS = YES;
				CLANG_WARN_EMPTY_BODY = YES;
				CLANG_WARN_ENUM_CONVERSION = YES;
				CLANG_WARN_INFINITE_RECURSION = YES;
				CLANG_WARN_INT_CONVERSION = YES;
				CLANG_WARN_NON_LITERAL_NULL_CONVERSION = YES;
				CLANG_WARN_OBJC_IMPLICIT_RETAIN_SELF = YES;
				CLANG_WARN_OBJC_LITERAL_CONVERSION = YES;
				CLANG_WARN_OBJC_ROOT_CLASS = YES_ERROR;
				CLANG_WARN_QUOTED_INCLUDE_IN_FRAMEWORK_HEADER = YES;
				CLANG_WARN_RANGE_LOOP_ANALYSIS = YES;
				CLANG_WARN_STRICT_PROTOTYPES = YES;
				CLANG_WARN_SUSPICIOUS_MOVE = YES;
				CLANG_WARN_UNGUARDED_AVAILABILITY = YES_AGGRESSIVE;
				CLANG_WARN_UNREACHABLE_CODE = YES;
				CLANG_WARN__DUPLICATE_METHOD_MATCH = YES;
				COPY_PHASE_STRIP = NO;
				DEBUG_INFORMATION_FORMAT = dwarf;
				ENABLE_STRICT_OBJC_MSGSEND = YES;
				ENABLE_TESTABILITY = YES;
				ENABLE_USER_SCRIPT_SANDBOXING = YES;
				GCC_C_LANGUAGE_STANDARD = gnu17;
				GCC_DYNAMIC_NO_PIC = NO;
				GCC_NO_COMMON_BLOCKS = YES;
				GCC_OPTIMIZATION_LEVEL = 0;
				GCC_PREPROCESSOR_DEFINITIONS = (
					"DEBUG=1",
					"$(inherited)",
				);
				GCC_WARN_64_TO_32_BIT_CONVERSION = YES;
				GCC_WARN_ABOUT_RETURN_TYPE = YES_ERROR;
				GCC_WARN_UNDECLARED_SELECTOR = YES;
				GCC_WARN_UNINITIALIZED_AUTOS = YES_AGGRESSIVE;
				GCC_WARN_UNUSED_FUNCTION = YES;
				GCC_WARN_UNUSED_VARIABLE = YES;
				IPHONEOS_DEPLOYMENT_TARGET = 17.5;
				LOCALIZATION_PREFERS_STRING_CATALOGS = YES;
				MTL_ENABLE_DEBUG_INFO = INCLUDE_SOURCE;
				MTL_FAST_MATH = YES;
				ONLY_ACTIVE_ARCH = YES;
				SDKROOT = iphoneos;
				SWIFT_ACTIVE_COMPILATION_CONDITIONS = "DEBUG $(inherited)";
				SWIFT_OPTIMIZATION_LEVEL = "-Onone";
			};
			name = Debug;
		};
		D3B053EC2CB3F6EA00681F18 /* Release */ = {
			isa = XCBuildConfiguration;
			buildSettings = {
				ALWAYS_SEARCH_USER_PATHS = NO;
				ASSETCATALOG_COMPILER_GENERATE_SWIFT_ASSET_SYMBOL_EXTENSIONS = YES;
				CLANG_ANALYZER_NONNULL = YES;
				CLANG_ANALYZER_NUMBER_OBJECT_CONVERSION = YES_AGGRESSIVE;
				CLANG_CXX_LANGUAGE_STANDARD = "gnu++20";
				CLANG_ENABLE_MODULES = YES;
				CLANG_ENABLE_OBJC_ARC = YES;
				CLANG_ENABLE_OBJC_WEAK = YES;
				CLANG_WARN_BLOCK_CAPTURE_AUTORELEASING = YES;
				CLANG_WARN_BOOL_CONVERSION = YES;
				CLANG_WARN_COMMA = YES;
				CLANG_WARN_CONSTANT_CONVERSION = YES;
				CLANG_WARN_DEPRECATED_OBJC_IMPLEMENTATIONS = YES;
				CLANG_WARN_DIRECT_OBJC_ISA_USAGE = YES_ERROR;
				CLANG_WARN_DOCUMENTATION_COMMENTS = YES;
				CLANG_WARN_EMPTY_BODY = YES;
				CLANG_WARN_ENUM_CONVERSION = YES;
				CLANG_WARN_INFINITE_RECURSION = YES;
				CLANG_WARN_INT_CONVERSION = YES;
				CLANG_WARN_NON_LITERAL_NULL_CONVERSION = YES;
				CLANG_WARN_OBJC_IMPLICIT_RETAIN_SELF = YES;
				CLANG_WARN_OBJC_LITERAL_CONVERSION = YES;
				CLANG_WARN_OBJC_ROOT_CLASS = YES_ERROR;
				CLANG_WARN_QUOTED_INCLUDE_IN_FRAMEWORK_HEADER = YES;
				CLANG_WARN_RANGE_LOOP_ANALYSIS = YES;
				CLANG_WARN_STRICT_PROTOTYPES = YES;
				CLANG_WARN_SUSPICIOUS_MOVE = YES;
				CLANG_WARN_UNGUARDED_AVAILABILITY = YES_AGGRESSIVE;
				CLANG_WARN_UNREACHABLE_CODE = YES;
				CLANG_WARN__DUPLICATE_METHOD_MATCH = YES;
				COPY_PHASE_STRIP = NO;
				DEBUG_INFORMATION_FORMAT = "dwarf-with-dsym";
				ENABLE_NS_ASSERTIONS = NO;
				ENABLE_STRICT_OBJC_MSGSEND = YES;
				ENABLE_USER_SCRIPT_SANDBOXING = YES;
				GCC_C_LANGUAGE_STANDARD = gnu17;
				GCC_NO_COMMON_BLOCKS = YES;
				GCC_WARN_64_TO_32_BIT_CONVERSION = YES;
				GCC_WARN_ABOUT_RETURN_TYPE = YES_ERROR;
				GCC_WARN_UNDECLARED_SELECTOR = YES;
				GCC_WARN_UNINITIALIZED_AUTOS = YES_AGGRESSIVE;
				GCC_WARN_UNUSED_FUNCTION = YES;
				GCC_WARN_UNUSED_VARIABLE = YES;
				IPHONEOS_DEPLOYMENT_TARGET = 17.5;
				LOCALIZATION_PREFERS_STRING_CATALOGS = YES;
				MTL_ENABLE_DEBUG_INFO = NO;
				MTL_FAST_MATH = YES;
				SDKROOT = iphoneos;
				SWIFT_COMPILATION_MODE = wholemodule;
				VALIDATE_PRODUCT = YES;
			};
			name = Release;
		};
		D3B053EE2CB3F6EA00681F18 /* Debug */ = {
			isa = XCBuildConfiguration;
			buildSettings = {
				ASSETCATALOG_COMPILER_APPICON_NAME = AppIcon;
				ASSETCATALOG_COMPILER_GLOBAL_ACCENT_COLOR_NAME = AccentColor;
				CODE_SIGN_STYLE = Automatic;
				CURRENT_PROJECT_VERSION = 1;
				DEVELOPMENT_ASSET_PATHS = "\"todoapp/Preview Content\"";
				DEVELOPMENT_TEAM = NPPKFF59HD;
				ENABLE_PREVIEWS = YES;
				GENERATE_INFOPLIST_FILE = YES;
				INFOPLIST_KEY_CFBundleDisplayName = JustDo;
				INFOPLIST_KEY_UIApplicationSceneManifest_Generation = YES;
				INFOPLIST_KEY_UIApplicationSupportsIndirectInputEvents = YES;
				INFOPLIST_KEY_UILaunchScreen_Generation = YES;
				INFOPLIST_KEY_UISupportedInterfaceOrientations = UIInterfaceOrientationPortrait;
				LD_RUNPATH_SEARCH_PATHS = (
					"$(inherited)",
					"@executable_path/Frameworks",
				);
				MARKETING_VERSION = 1.0;
				PRODUCT_BUNDLE_IDENTIFIER = emreyilmaz.todoapp;
				PRODUCT_NAME = "$(TARGET_NAME)";
				SWIFT_EMIT_LOC_STRINGS = YES;
				SWIFT_VERSION = 5.0;
				TARGETED_DEVICE_FAMILY = "1,2";
			};
			name = Debug;
		};
		D3B053EF2CB3F6EA00681F18 /* Release */ = {
			isa = XCBuildConfiguration;
			buildSettings = {
				ASSETCATALOG_COMPILER_APPICON_NAME = AppIcon;
				ASSETCATALOG_COMPILER_GLOBAL_ACCENT_COLOR_NAME = AccentColor;
				CODE_SIGN_STYLE = Automatic;
				CURRENT_PROJECT_VERSION = 1;
				DEVELOPMENT_ASSET_PATHS = "\"todoapp/Preview Content\"";
				DEVELOPMENT_TEAM = NPPKFF59HD;
				ENABLE_PREVIEWS = YES;
				GENERATE_INFOPLIST_FILE = YES;
				INFOPLIST_KEY_CFBundleDisplayName = JustDo;
				INFOPLIST_KEY_UIApplicationSceneManifest_Generation = YES;
				INFOPLIST_KEY_UIApplicationSupportsIndirectInputEvents = YES;
				INFOPLIST_KEY_UILaunchScreen_Generation = YES;
				INFOPLIST_KEY_UISupportedInterfaceOrientations = UIInterfaceOrientationPortrait;
				LD_RUNPATH_SEARCH_PATHS = (
					"$(inherited)",
					"@executable_path/Frameworks",
				);
				MARKETING_VERSION = 1.0;
				PRODUCT_BUNDLE_IDENTIFIER = emreyilmaz.todoapp;
				PRODUCT_NAME = "$(TARGET_NAME)";
				SWIFT_EMIT_LOC_STRINGS = YES;
				SWIFT_VERSION = 5.0;
				TARGETED_DEVICE_FAMILY = "1,2";
			};
			name = Release;
		};
		D3B053F12CB3F6EA00681F18 /* Debug */ = {
			isa = XCBuildConfiguration;
			buildSettings = {
				ALWAYS_EMBED_SWIFT_STANDARD_LIBRARIES = YES;
				BUNDLE_LOADER = "$(TEST_HOST)";
				CODE_SIGN_STYLE = Automatic;
				CURRENT_PROJECT_VERSION = 1;
				DEVELOPMENT_TEAM = NPPKFF59HD;
				GENERATE_INFOPLIST_FILE = YES;
				IPHONEOS_DEPLOYMENT_TARGET = 17.5;
				MARKETING_VERSION = 1.0;
				PRODUCT_BUNDLE_IDENTIFIER = emreyilmaz.todoappTests;
				PRODUCT_NAME = "$(TARGET_NAME)";
				SWIFT_EMIT_LOC_STRINGS = NO;
				SWIFT_VERSION = 5.0;
				TARGETED_DEVICE_FAMILY = "1,2";
				TEST_HOST = "$(BUILT_PRODUCTS_DIR)/todoapp.app/$(BUNDLE_EXECUTABLE_FOLDER_PATH)/todoapp";
			};
			name = Debug;
		};
		D3B053F22CB3F6EA00681F18 /* Release */ = {
			isa = XCBuildConfiguration;
			buildSettings = {
				ALWAYS_EMBED_SWIFT_STANDARD_LIBRARIES = YES;
				BUNDLE_LOADER = "$(TEST_HOST)";
				CODE_SIGN_STYLE = Automatic;
				CURRENT_PROJECT_VERSION = 1;
				DEVELOPMENT_TEAM = NPPKFF59HD;
				GENERATE_INFOPLIST_FILE = YES;
				IPHONEOS_DEPLOYMENT_TARGET = 17.5;
				MARKETING_VERSION = 1.0;
				PRODUCT_BUNDLE_IDENTIFIER = emreyilmaz.todoappTests;
				PRODUCT_NAME = "$(TARGET_NAME)";
				SWIFT_EMIT_LOC_STRINGS = NO;
				SWIFT_VERSION = 5.0;
				TARGETED_DEVICE_FAMILY = "1,2";
				TEST_HOST = "$(BUILT_PRODUCTS_DIR)/todoapp.app/$(BUNDLE_EXECUTABLE_FOLDER_PATH)/todoapp";
			};
			name = Release;
		};
		D3B053F42CB3F6EA00681F18 /* Debug */ = {
			isa = XCBuildConfiguration;
			buildSettings = {
				ALWAYS_EMBED_SWIFT_STANDARD_LIBRARIES = YES;
				CODE_SIGN_STYLE = Automatic;
				CURRENT_PROJECT_VERSION = 1;
				DEVELOPMENT_TEAM = NPPKFF59HD;
				GENERATE_INFOPLIST_FILE = YES;
				MARKETING_VERSION = 1.0;
				PRODUCT_BUNDLE_IDENTIFIER = emreyilmaz.todoappUITests;
				PRODUCT_NAME = "$(TARGET_NAME)";
				SWIFT_EMIT_LOC_STRINGS = NO;
				SWIFT_VERSION = 5.0;
				TARGETED_DEVICE_FAMILY = "1,2";
				TEST_TARGET_NAME = todoapp;
			};
			name = Debug;
		};
		D3B053F52CB3F6EA00681F18 /* Release */ = {
			isa = XCBuildConfiguration;
			buildSettings = {
				ALWAYS_EMBED_SWIFT_STANDARD_LIBRARIES = YES;
				CODE_SIGN_STYLE = Automatic;
				CURRENT_PROJECT_VERSION = 1;
				DEVELOPMENT_TEAM = NPPKFF59HD;
				GENERATE_INFOPLIST_FILE = YES;
				MARKETING_VERSION = 1.0;
				PRODUCT_BUNDLE_IDENTIFIER = emreyilmaz.todoappUITests;
				PRODUCT_NAME = "$(TARGET_NAME)";
				SWIFT_EMIT_LOC_STRINGS = NO;
				SWIFT_VERSION = 5.0;
				TARGETED_DEVICE_FAMILY = "1,2";
				TEST_TARGET_NAME = todoapp;
			};
			name = Release;
		};
/* End XCBuildConfiguration section */

/* Begin XCConfigurationList section */
		D3B053C42CB3F6E800681F18 /* Build configuration list for PBXProject "todoapp" */ = {
			isa = XCConfigurationList;
			buildConfigurations = (
				D3B053EB2CB3F6EA00681F18 /* Debug */,
				D3B053EC2CB3F6EA00681F18 /* Release */,
			);
			defaultConfigurationIsVisible = 0;
			defaultConfigurationName = Release;
		};
		D3B053ED2CB3F6EA00681F18 /* Build configuration list for PBXNativeTarget "todoapp" */ = {
			isa = XCConfigurationList;
			buildConfigurations = (
				D3B053EE2CB3F6EA00681F18 /* Debug */,
				D3B053EF2CB3F6EA00681F18 /* Release */,
			);
			defaultConfigurationIsVisible = 0;
			defaultConfigurationName = Release;
		};
		D3B053F02CB3F6EA00681F18 /* Build configuration list for PBXNativeTarget "todoappTests" */ = {
			isa = XCConfigurationList;
			buildConfigurations = (
				D3B053F12CB3F6EA00681F18 /* Debug */,
				D3B053F22CB3F6EA00681F18 /* Release */,
			);
			defaultConfigurationIsVisible = 0;
			defaultConfigurationName = Release;
		};
		D3B053F32CB3F6EA00681F18 /* Build configuration list for PBXNativeTarget "todoappUITests" */ = {
			isa = XCConfigurationList;
			buildConfigurations = (
				D3B053F42CB3F6EA00681F18 /* Debug */,
				D3B053F52CB3F6EA00681F18 /* Release */,
			);
			defaultConfigurationIsVisible = 0;
			defaultConfigurationName = Release;
		};
/* End XCConfigurationList section */

/* Begin XCRemoteSwiftPackageReference section */
		D3B053F62CB400F300681F18 /* XCRemoteSwiftPackageReference "firebase-ios-sdk" */ = {
			isa = XCRemoteSwiftPackageReference;
			repositoryURL = "https://github.com/firebase/firebase-ios-sdk.git";
			requirement = {
				kind = upToNextMajorVersion;
				minimumVersion = 11.3.0;
			};
		};
/* End XCRemoteSwiftPackageReference section */

/* Begin XCSwiftPackageProductDependency section */
		D39CB17D2CB415330010E13B /* FirebaseAnalytics */ = {
			isa = XCSwiftPackageProductDependency;
			package = D3B053F62CB400F300681F18 /* XCRemoteSwiftPackageReference "firebase-ios-sdk" */;
			productName = FirebaseAnalytics;
		};
		D39CB17F2CB415330010E13B /* FirebaseAnalyticsOnDeviceConversion */ = {
			isa = XCSwiftPackageProductDependency;
			package = D3B053F62CB400F300681F18 /* XCRemoteSwiftPackageReference "firebase-ios-sdk" */;
			productName = FirebaseAnalyticsOnDeviceConversion;
		};
		D39CB1812CB415330010E13B /* FirebaseAnalyticsWithoutAdIdSupport */ = {
			isa = XCSwiftPackageProductDependency;
			package = D3B053F62CB400F300681F18 /* XCRemoteSwiftPackageReference "firebase-ios-sdk" */;
			productName = FirebaseAnalyticsWithoutAdIdSupport;
		};
		D39CB1832CB415330010E13B /* FirebaseAppCheck */ = {
			isa = XCSwiftPackageProductDependency;
			package = D3B053F62CB400F300681F18 /* XCRemoteSwiftPackageReference "firebase-ios-sdk" */;
			productName = FirebaseAppCheck;
		};
		D39CB1852CB415330010E13B /* FirebaseAppDistribution-Beta */ = {
			isa = XCSwiftPackageProductDependency;
			package = D3B053F62CB400F300681F18 /* XCRemoteSwiftPackageReference "firebase-ios-sdk" */;
			productName = "FirebaseAppDistribution-Beta";
		};
		D39CB1872CB415330010E13B /* FirebaseAuth */ = {
			isa = XCSwiftPackageProductDependency;
			package = D3B053F62CB400F300681F18 /* XCRemoteSwiftPackageReference "firebase-ios-sdk" */;
			productName = FirebaseAuth;
		};
		D39CB1892CB415330010E13B /* FirebaseAuthCombine-Community */ = {
			isa = XCSwiftPackageProductDependency;
			package = D3B053F62CB400F300681F18 /* XCRemoteSwiftPackageReference "firebase-ios-sdk" */;
			productName = "FirebaseAuthCombine-Community";
		};
		D39CB18B2CB415330010E13B /* FirebaseCore */ = {
			isa = XCSwiftPackageProductDependency;
			package = D3B053F62CB400F300681F18 /* XCRemoteSwiftPackageReference "firebase-ios-sdk" */;
			productName = FirebaseCore;
		};
		D39CB18D2CB415330010E13B /* FirebaseCrashlytics */ = {
			isa = XCSwiftPackageProductDependency;
			package = D3B053F62CB400F300681F18 /* XCRemoteSwiftPackageReference "firebase-ios-sdk" */;
			productName = FirebaseCrashlytics;
		};
		D39CB18F2CB415330010E13B /* FirebaseDatabase */ = {
			isa = XCSwiftPackageProductDependency;
			package = D3B053F62CB400F300681F18 /* XCRemoteSwiftPackageReference "firebase-ios-sdk" */;
			productName = FirebaseDatabase;
		};
		D39CB1912CB415330010E13B /* FirebaseDynamicLinks */ = {
			isa = XCSwiftPackageProductDependency;
			package = D3B053F62CB400F300681F18 /* XCRemoteSwiftPackageReference "firebase-ios-sdk" */;
			productName = FirebaseDynamicLinks;
		};
		D39CB1932CB415330010E13B /* FirebaseFirestore */ = {
			isa = XCSwiftPackageProductDependency;
			package = D3B053F62CB400F300681F18 /* XCRemoteSwiftPackageReference "firebase-ios-sdk" */;
			productName = FirebaseFirestore;
		};
		D39CB1952CB415330010E13B /* FirebaseFirestoreCombine-Community */ = {
			isa = XCSwiftPackageProductDependency;
			package = D3B053F62CB400F300681F18 /* XCRemoteSwiftPackageReference "firebase-ios-sdk" */;
			productName = "FirebaseFirestoreCombine-Community";
		};
		D39CB1972CB415330010E13B /* FirebaseFunctions */ = {
			isa = XCSwiftPackageProductDependency;
			package = D3B053F62CB400F300681F18 /* XCRemoteSwiftPackageReference "firebase-ios-sdk" */;
			productName = FirebaseFunctions;
		};
		D39CB1992CB415330010E13B /* FirebaseFunctionsCombine-Community */ = {
			isa = XCSwiftPackageProductDependency;
			package = D3B053F62CB400F300681F18 /* XCRemoteSwiftPackageReference "firebase-ios-sdk" */;
			productName = "FirebaseFunctionsCombine-Community";
		};
		D39CB19B2CB415330010E13B /* FirebaseInAppMessaging-Beta */ = {
			isa = XCSwiftPackageProductDependency;
			package = D3B053F62CB400F300681F18 /* XCRemoteSwiftPackageReference "firebase-ios-sdk" */;
			productName = "FirebaseInAppMessaging-Beta";
		};
		D39CB19D2CB415330010E13B /* FirebaseInstallations */ = {
			isa = XCSwiftPackageProductDependency;
			package = D3B053F62CB400F300681F18 /* XCRemoteSwiftPackageReference "firebase-ios-sdk" */;
			productName = FirebaseInstallations;
		};
		D39CB19F2CB415330010E13B /* FirebaseMLModelDownloader */ = {
			isa = XCSwiftPackageProductDependency;
			package = D3B053F62CB400F300681F18 /* XCRemoteSwiftPackageReference "firebase-ios-sdk" */;
			productName = FirebaseMLModelDownloader;
		};
		D39CB1A12CB415330010E13B /* FirebaseMessaging */ = {
			isa = XCSwiftPackageProductDependency;
			package = D3B053F62CB400F300681F18 /* XCRemoteSwiftPackageReference "firebase-ios-sdk" */;
			productName = FirebaseMessaging;
		};
		D39CB1A32CB415330010E13B /* FirebasePerformance */ = {
			isa = XCSwiftPackageProductDependency;
			package = D3B053F62CB400F300681F18 /* XCRemoteSwiftPackageReference "firebase-ios-sdk" */;
			productName = FirebasePerformance;
		};
		D39CB1A52CB415330010E13B /* FirebaseRemoteConfig */ = {
			isa = XCSwiftPackageProductDependency;
			package = D3B053F62CB400F300681F18 /* XCRemoteSwiftPackageReference "firebase-ios-sdk" */;
			productName = FirebaseRemoteConfig;
		};
		D39CB1A72CB415330010E13B /* FirebaseStorage */ = {
			isa = XCSwiftPackageProductDependency;
			package = D3B053F62CB400F300681F18 /* XCRemoteSwiftPackageReference "firebase-ios-sdk" */;
			productName = FirebaseStorage;
		};
		D39CB1A92CB415330010E13B /* FirebaseStorageCombine-Community */ = {
			isa = XCSwiftPackageProductDependency;
			package = D3B053F62CB400F300681F18 /* XCRemoteSwiftPackageReference "firebase-ios-sdk" */;
			productName = "FirebaseStorageCombine-Community";
		};
		D39CB1AB2CB415330010E13B /* FirebaseVertexAI-Preview */ = {
			isa = XCSwiftPackageProductDependency;
			package = D3B053F62CB400F300681F18 /* XCRemoteSwiftPackageReference "firebase-ios-sdk" */;
			productName = "FirebaseVertexAI-Preview";
		};
/* End XCSwiftPackageProductDependency section */
	};
	rootObject = D3B053C12CB3F6E800681F18 /* Project object */;
}
